
Microsoft Visual Studio Solution File, Format Version 12.00
# Visual Studio Version 16
VisualStudioVersion = 16.0.29519.87
MinimumVisualStudioVersion = 10.0.40219.1
Project("{FAE04EC0-301F-11D3-BF4B-00C04F79EFBC}") = "Bioscoop", "Bioscoop\Bioscoop.csproj", "{4788D3FC-501C-42F7-A1C4-BBF1D7AEC222}"
EndProject
Global
	GlobalSection(SolutionConfigurationPlatforms) = preSolution
		Debug|Any CPU = Debug|Any CPU
		Release|Any CPU = Release|Any CPU
	EndGlobalSection
	GlobalSection(ProjectConfigurationPlatforms) = postSolution
		{4788D3FC-501C-42F7-A1C4-BBF1D7AEC222}.Debug|Any CPU.ActiveCfg = Debug|Any CPU
		{4788D3FC-501C-42F7-A1C4-BBF1D7AEC222}.Debug|Any CPU.Build.0 = Debug|Any CPU
		{4788D3FC-501C-42F7-A1C4-BBF1D7AEC222}.Release|Any CPU.ActiveCfg = Release|Any CPU
		{4788D3FC-501C-42F7-A1C4-BBF1D7AEC222}.Release|Any CPU.Build.0 = Release|Any CPU
	EndGlobalSection
	GlobalSection(SolutionProperties) = preSolution
		HideSolutionNode = FALSE
	EndGlobalSection
	GlobalSection(ExtensibilityGlobals) = postSolution
		SolutionGuid = {E35437CC-AB32-4FEC-A9DE-49EB44A8E3B3}
	EndGlobalSection
EndGlobal
