
Microsoft Visual Studio Solution File, Format Version 12.00
# Visual Studio Version 16
VisualStudioVersion = 16.0.29806.167
MinimumVisualStudioVersion = 10.0.40219.1
Project("{9A19103F-16F7-4668-BE54-9A1E7A4F7556}") = "FilmSchemaBeheer", "FilmSchemaBeheer.csproj", "{7D86740D-84CA-4AC7-BA8A-8019382E7E90}"
EndProject
Global
	GlobalSection(SolutionConfigurationPlatforms) = preSolution
		Debug|Any CPU = Debug|Any CPU
		Release|Any CPU = Release|Any CPU
	EndGlobalSection
	GlobalSection(ProjectConfigurationPlatforms) = postSolution
		{7D86740D-84CA-4AC7-BA8A-8019382E7E90}.Debug|Any CPU.ActiveCfg = Debug|Any CPU
		{7D86740D-84CA-4AC7-BA8A-8019382E7E90}.Debug|Any CPU.Build.0 = Debug|Any CPU
		{7D86740D-84CA-4AC7-BA8A-8019382E7E90}.Release|Any CPU.ActiveCfg = Release|Any CPU
		{7D86740D-84CA-4AC7-BA8A-8019382E7E90}.Release|Any CPU.Build.0 = Release|Any CPU
	EndGlobalSection
	GlobalSection(SolutionProperties) = preSolution
		HideSolutionNode = FALSE
	EndGlobalSection
	GlobalSection(ExtensibilityGlobals) = postSolution
		SolutionGuid = {3FC6D58A-931E-4957-A322-D78038730F47}
	EndGlobalSection
EndGlobal
